{
  "name": "test-vertx",
  "version": "1.0.0",
  "lockfileVersion": 1,
  "requires": true,
  "dependencies": {
    "vertx3-full": {
      "version": "3.0.0-1",
      "resolved": "https://registry.npmjs.org/vertx3-full/-/vertx3-full-3.0.0-1.tgz",
      "integrity": "sha1-jUFNMkH8a/CXgLkGuX7KZyBKETI="
    }
  }
}
